
Microsoft Visual Studio Solution File, Format Version 12.00
# Visual Studio Version 16
VisualStudioVersion = 16.0.30114.105
MinimumVisualStudioVersion = 10.0.40219.1
Project("{FAE04EC0-301F-11D3-BF4B-00C04F79EFBC}") = "LordOfTheRingsSDK", "LordOfTheRingsSDK\LordOfTheRingsSDK.csproj", "{0CDDC590-B77A-421B-9C60-D773F6D2130E}"
EndProject
Project("{FAE04EC0-301F-11D3-BF4B-00C04F79EFBC}") = "LordOfTheRingsSDKTest", "LordOfTheRingsSDKTest\LordOfTheRingsSDKTest.csproj", "{9BA713AB-98AE-41AB-A29F-2523B778004F}"
EndProject
Global
	GlobalSection(SolutionConfigurationPlatforms) = preSolution
		Debug|Any CPU = Debug|Any CPU
		Release|Any CPU = Release|Any CPU
	EndGlobalSection
	GlobalSection(SolutionProperties) = preSolution
		HideSolutionNode = FALSE
	EndGlobalSection
	GlobalSection(ProjectConfigurationPlatforms) = postSolution
		{0CDDC590-B77A-421B-9C60-D773F6D2130E}.Debug|Any CPU.ActiveCfg = Debug|Any CPU
		{0CDDC590-B77A-421B-9C60-D773F6D2130E}.Debug|Any CPU.Build.0 = Debug|Any CPU
		{0CDDC590-B77A-421B-9C60-D773F6D2130E}.Release|Any CPU.ActiveCfg = Release|Any CPU
		{0CDDC590-B77A-421B-9C60-D773F6D2130E}.Release|Any CPU.Build.0 = Release|Any CPU
		{9BA713AB-98AE-41AB-A29F-2523B778004F}.Debug|Any CPU.ActiveCfg = Debug|Any CPU
		{9BA713AB-98AE-41AB-A29F-2523B778004F}.Debug|Any CPU.Build.0 = Debug|Any CPU
		{9BA713AB-98AE-41AB-A29F-2523B778004F}.Release|Any CPU.ActiveCfg = Release|Any CPU
		{9BA713AB-98AE-41AB-A29F-2523B778004F}.Release|Any CPU.Build.0 = Release|Any CPU
	EndGlobalSection
EndGlobal
